// !$*UTF8*$!
{
	archiveVersion = 1;
	classes = {
	};
	objectVersion = 56;
	objects = {

/* Begin PBXBuildFile section */
		3B36D02C29758150002BFA99 /* AppDelegate.swift in Sources */ = {isa = PBXBuildFile; fileRef = 3B36D02B29758150002BFA99 /* AppDelegate.swift */; };
		3B36D02E29758150002BFA99 /* SceneDelegate.swift in Sources */ = {isa = PBXBuildFile; fileRef = 3B36D02D29758150002BFA99 /* SceneDelegate.swift */; };
		3B36D03029758150002BFA99 /* ViewController.swift in Sources */ = {isa = PBXBuildFile; fileRef = 3B36D02F29758150002BFA99 /* ViewController.swift */; };
		3B36D03329758150002BFA99 /* Main.storyboard in Resources */ = {isa = PBXBuildFile; fileRef = 3B36D03129758150002BFA99 /* Main.storyboard */; };
		3B36D03529758152002BFA99 /* Assets.xcassets in Resources */ = {isa = PBXBuildFile; fileRef = 3B36D03429758152002BFA99 /* Assets.xcassets */; };
		3B36D03829758152002BFA99 /* LaunchScreen.storyboard in Resources */ = {isa = PBXBuildFile; fileRef = 3B36D03629758152002BFA99 /* LaunchScreen.storyboard */; };
		3B36D04C2975831A002BFA99 /* nigeria@3x.png in Resources */ = {isa = PBXBuildFile; fileRef = 3B36D0402975831A002BFA99 /* nigeria@3x.png */; };
		3B36D04D2975831A002BFA99 /* spain@3x.png in Resources */ = {isa = PBXBuildFile; fileRef = 3B36D0412975831A002BFA99 /* spain@3x.png */; };
		3B36D04E2975831A002BFA99 /* italy@3x.png in Resources */ = {isa = PBXBuildFile; fileRef = 3B36D0422975831A002BFA99 /* italy@3x.png */; };
		3B36D04F2975831A002BFA99 /* germany@3x.png in Resources */ = {isa = PBXBuildFile; fileRef = 3B36D0432975831A002BFA99 /* germany@3x.png */; };
		3B36D0502975831A002BFA99 /* ireland@3x.png in Resources */ = {isa = PBXBuildFile; fileRef = 3B36D0442975831A002BFA99 /* ireland@3x.png */; };
		3B36D0512975831A002BFA99 /* estonia@3x.png in Resources */ = {isa = PBXBuildFile; fileRef = 3B36D0452975831A002BFA99 /* estonia@3x.png */; };
		3B36D0522975831A002BFA99 /* russia@3x.png in Resources */ = {isa = PBXBuildFile; fileRef = 3B36D0462975831A002BFA99 /* russia@3x.png */; };
		3B36D0532975831A002BFA99 /* poland@3x.png in Resources */ = {isa = PBXBuildFile; fileRef = 3B36D0472975831A002BFA99 /* poland@3x.png */; };
		3B36D0542975831A002BFA99 /* uk@3x.png in Resources */ = {isa = PBXBuildFile; fileRef = 3B36D0482975831A002BFA99 /* uk@3x.png */; };
		3B36D0552975831A002BFA99 /* us@3x.png in Resources */ = {isa = PBXBuildFile; fileRef = 3B36D0492975831A002BFA99 /* us@3x.png */; };
		3B36D0562975831A002BFA99 /* france@3x.png in Resources */ = {isa = PBXBuildFile; fileRef = 3B36D04A2975831A002BFA99 /* france@3x.png */; };
		3B36D0572975831A002BFA99 /* monaco@3x.png in Resources */ = {isa = PBXBuildFile; fileRef = 3B36D04B2975831A002BFA99 /* monaco@3x.png */; };
		3B36D05929758C5E002BFA99 /* DetailViewController.swift in Sources */ = {isa = PBXBuildFile; fileRef = 3B36D05829758C5E002BFA99 /* DetailViewController.swift */; };
/* End PBXBuildFile section */

/* Begin PBXFileReference section */
		3B36D02829758150002BFA99 /* challengeDay23.app */ = {isa = PBXFileReference; explicitFileType = wrapper.application; includeInIndex = 0; path = challengeDay23.app; sourceTree = BUILT_PRODUCTS_DIR; };
		3B36D02B29758150002BFA99 /* AppDelegate.swift */ = {isa = PBXFileReference; lastKnownFileType = sourcecode.swift; path = AppDelegate.swift; sourceTree = "<group>"; };
		3B36D02D29758150002BFA99 /* SceneDelegate.swift */ = {isa = PBXFileReference; lastKnownFileType = sourcecode.swift; path = SceneDelegate.swift; sourceTree = "<group>"; };
		3B36D02F29758150002BFA99 /* ViewController.swift */ = {isa = PBXFileReference; lastKnownFileType = sourcecode.swift; path = ViewController.swift; sourceTree = "<group>"; };
		3B36D03229758150002BFA99 /* Base */ = {isa = PBXFileReference; lastKnownFileType = file.storyboard; name = Base; path = Base.lproj/Main.storyboard; sourceTree = "<group>"; };
		3B36D03429758152002BFA99 /* Assets.xcassets */ = {isa = PBXFileReference; lastKnownFileType = folder.assetcatalog; path = Assets.xcassets; sourceTree = "<group>"; };
		3B36D03729758152002BFA99 /* Base */ = {isa = PBXFileReference; lastKnownFileType = file.storyboard; name = Base; path = Base.lproj/LaunchScreen.storyboard; sourceTree = "<group>"; };
		3B36D03929758152002BFA99 /* Info.plist */ = {isa = PBXFileReference; lastKnownFileType = text.plist.xml; path = Info.plist; sourceTree = "<group>"; };
		3B36D0402975831A002BFA99 /* nigeria@3x.png */ = {isa = PBXFileReference; lastKnownFileType = image.png; path = "nigeria@3x.png"; sourceTree = "<group>"; };
		3B36D0412975831A002BFA99 /* spain@3x.png */ = {isa = PBXFileReference; lastKnownFileType = image.png; path = "spain@3x.png"; sourceTree = "<group>"; };
		3B36D0422975831A002BFA99 /* italy@3x.png */ = {isa = PBXFileReference; lastKnownFileType = image.png; path = "italy@3x.png"; sourceTree = "<group>"; };
		3B36D0432975831A002BFA99 /* germany@3x.png */ = {isa = PBXFileReference; lastKnownFileType = image.png; path = "germany@3x.png"; sourceTree = "<group>"; };
		3B36D0442975831A002BFA99 /* ireland@3x.png */ = {isa = PBXFileReference; lastKnownFileType = image.png; path = "ireland@3x.png"; sourceTree = "<group>"; };
		3B36D0452975831A002BFA99 /* estonia@3x.png */ = {isa = PBXFileReference; lastKnownFileType = image.png; path = "estonia@3x.png"; sourceTree = "<group>"; };
		3B36D0462975831A002BFA99 /* russia@3x.png */ = {isa = PBXFileReference; lastKnownFileType = image.png; path = "russia@3x.png"; sourceTree = "<group>"; };
		3B36D0472975831A002BFA99 /* poland@3x.png */ = {isa = PBXFileReference; lastKnownFileType = image.png; path = "poland@3x.png"; sourceTree = "<group>"; };
		3B36D0482975831A002BFA99 /* uk@3x.png */ = {isa = PBXFileReference; lastKnownFileType = image.png; path = "uk@3x.png"; sourceTree = "<group>"; };
		3B36D0492975831A002BFA99 /* us@3x.png */ = {isa = PBXFileReference; lastKnownFileType = image.png; path = "us@3x.png"; sourceTree = "<group>"; };
		3B36D04A2975831A002BFA99 /* france@3x.png */ = {isa = PBXFileReference; lastKnownFileType = image.png; path = "france@3x.png"; sourceTree = "<group>"; };
		3B36D04B2975831A002BFA99 /* monaco@3x.png */ = {isa = PBXFileReference; lastKnownFileType = image.png; path = "monaco@3x.png"; sourceTree = "<group>"; };
		3B36D05829758C5E002BFA99 /* DetailViewController.swift */ = {isa = PBXFileReference; lastKnownFileType = sourcecode.swift; path = DetailViewController.swift; sourceTree = "<group>"; };
/* End PBXFileReference section */

/* Begin PBXFrameworksBuildPhase section */
		3B36D02529758150002BFA99 /* Frameworks */ = {
			isa = PBXFrameworksBuildPhase;
			buildActionMask = 2147483647;
			files = (
			);
			runOnlyForDeploymentPostprocessing = 0;
		};
/* End PBXFrameworksBuildPhase section */

/* Begin PBXGroup section */
		3B36D01F29758150002BFA99 = {
			isa = PBXGroup;
			children = (
				3B36D02A29758150002BFA99 /* challengeDay23 */,
				3B36D02929758150002BFA99 /* Products */,
			);
			sourceTree = "<group>";
		};
		3B36D02929758150002BFA99 /* Products */ = {
			isa = PBXGroup;
			children = (
				3B36D02829758150002BFA99 /* challengeDay23.app */,
			);
			name = Products;
			sourceTree = "<group>";
		};
		3B36D02A29758150002BFA99 /* challengeDay23 */ = {
			isa = PBXGroup;
			children = (
				3B36D02B29758150002BFA99 /* AppDelegate.swift */,
				3B36D02D29758150002BFA99 /* SceneDelegate.swift */,
				3B36D02F29758150002BFA99 /* ViewController.swift */,
				3B36D05829758C5E002BFA99 /* DetailViewController.swift */,
				3B36D03129758150002BFA99 /* Main.storyboard */,
				3B36D03429758152002BFA99 /* Assets.xcassets */,
				3B36D03629758152002BFA99 /* LaunchScreen.storyboard */,
				3B36D03929758152002BFA99 /* Info.plist */,
				3B36D03F2975831A002BFA99 /* Content */,
			);
			path = challengeDay23;
			sourceTree = "<group>";
		};
		3B36D03F2975831A002BFA99 /* Content */ = {
			isa = PBXGroup;
			children = (
				3B36D0402975831A002BFA99 /* nigeria@3x.png */,
				3B36D0412975831A002BFA99 /* spain@3x.png */,
				3B36D0422975831A002BFA99 /* italy@3x.png */,
				3B36D0432975831A002BFA99 /* germany@3x.png */,
				3B36D0442975831A002BFA99 /* ireland@3x.png */,
				3B36D0452975831A002BFA99 /* estonia@3x.png */,
				3B36D0462975831A002BFA99 /* russia@3x.png */,
				3B36D0472975831A002BFA99 /* poland@3x.png */,
				3B36D0482975831A002BFA99 /* uk@3x.png */,
				3B36D0492975831A002BFA99 /* us@3x.png */,
				3B36D04A2975831A002BFA99 /* france@3x.png */,
				3B36D04B2975831A002BFA99 /* monaco@3x.png */,
			);
			path = Content;
			sourceTree = "<group>";
		};
/* End PBXGroup section */

/* Begin PBXNativeTarget section */
		3B36D02729758150002BFA99 /* challengeDay23 */ = {
			isa = PBXNativeTarget;
			buildConfigurationList = 3B36D03C29758152002BFA99 /* Build configuration list for PBXNativeTarget "challengeDay23" */;
			buildPhases = (
				3B36D02429758150002BFA99 /* Sources */,
				3B36D02529758150002BFA99 /* Frameworks */,
				3B36D02629758150002BFA99 /* Resources */,
			);
			buildRules = (
			);
			dependencies = (
			);
			name = challengeDay23;
			productName = challengeDay23;
			productReference = 3B36D02829758150002BFA99 /* challengeDay23.app */;
			productType = "com.apple.product-type.application";
		};
/* End PBXNativeTarget section */

/* Begin PBXProject section */
		3B36D02029758150002BFA99 /* Project object */ = {
			isa = PBXProject;
			attributes = {
				BuildIndependentTargetsInParallel = 1;
				LastSwiftUpdateCheck = 1400;
				LastUpgradeCheck = 1400;
				TargetAttributes = {
					3B36D02729758150002BFA99 = {
						CreatedOnToolsVersion = 14.0.1;
					};
				};
			};
			buildConfigurationList = 3B36D02329758150002BFA99 /* Build configuration list for PBXProject "challengeDay23" */;
			compatibilityVersion = "Xcode 14.0";
			developmentRegion = en;
			hasScannedForEncodings = 0;
			knownRegions = (
				en,
				Base,
			);
			mainGroup = 3B36D01F29758150002BFA99;
			productRefGroup = 3B36D02929758150002BFA99 /* Products */;
			projectDirPath = "";
			projectRoot = "";
			targets = (
				3B36D02729758150002BFA99 /* challengeDay23 */,
			);
		};
/* End PBXProject section */

/* Begin PBXResourcesBuildPhase section */
		3B36D02629758150002BFA99 /* Resources */ = {
			isa = PBXResourcesBuildPhase;
			buildActionMask = 2147483647;
			files = (
				3B36D03829758152002BFA99 /* LaunchScreen.storyboard in Resources */,
				3B36D03529758152002BFA99 /* Assets.xcassets in Resources */,
				3B36D0512975831A002BFA99 /* estonia@3x.png in Resources */,
				3B36D0572975831A002BFA99 /* monaco@3x.png in Resources */,
				3B36D0542975831A002BFA99 /* uk@3x.png in Resources */,
				3B36D03329758150002BFA99 /* Main.storyboard in Resources */,
				3B36D0502975831A002BFA99 /* ireland@3x.png in Resources */,
				3B36D0552975831A002BFA99 /* us@3x.png in Resources */,
				3B36D04E2975831A002BFA99 /* italy@3x.png in Resources */,
				3B36D04F2975831A002BFA99 /* germany@3x.png in Resources */,
				3B36D0532975831A002BFA99 /* poland@3x.png in Resources */,
				3B36D04D2975831A002BFA99 /* spain@3x.png in Resources */,
				3B36D0522975831A002BFA99 /* russia@3x.png in Resources */,
				3B36D0562975831A002BFA99 /* france@3x.png in Resources */,
				3B36D04C2975831A002BFA99 /* nigeria@3x.png in Resources */,
			);
			runOnlyForDeploymentPostprocessing = 0;
		};
/* End PBXResourcesBuildPhase section */

/* Begin PBXSourcesBuildPhase section */
		3B36D02429758150002BFA99 /* Sources */ = {
			isa = PBXSourcesBuildPhase;
			buildActionMask = 2147483647;
			files = (
				3B36D03029758150002BFA99 /* ViewController.swift in Sources */,
				3B36D02C29758150002BFA99 /* AppDelegate.swift in Sources */,
				3B36D02E29758150002BFA99 /* SceneDelegate.swift in Sources */,
				3B36D05929758C5E002BFA99 /* DetailViewController.swift in Sources */,
			);
			runOnlyForDeploymentPostprocessing = 0;
		};
/* End PBXSourcesBuildPhase section */

/* Begin PBXVariantGroup section */
		3B36D03129758150002BFA99 /* Main.storyboard */ = {
			isa = PBXVariantGroup;
			children = (
				3B36D03229758150002BFA99 /* Base */,
			);
			name = Main.storyboard;
			sourceTree = "<group>";
		};
		3B36D03629758152002BFA99 /* LaunchScreen.storyboard */ = {
			isa = PBXVariantGroup;
			children = (
				3B36D03729758152002BFA99 /* Base */,
			);
			name = LaunchScreen.storyboard;
			sourceTree = "<group>";
		};
/* End PBXVariantGroup section */

/* Begin XCBuildConfiguration section */
		3B36D03A29758152002BFA99 /* Debug */ = {
			isa = XCBuildConfiguration;
			buildSettings = {
				ALWAYS_SEARCH_USER_PATHS = NO;
				CLANG_ANALYZER_NONNULL = YES;
				CLANG_ANALYZER_NUMBER_OBJECT_CONVERSION = YES_AGGRESSIVE;
				CLANG_CXX_LANGUAGE_STANDARD = "gnu++20";
				CLANG_ENABLE_MODULES = YES;
				CLANG_ENABLE_OBJC_ARC = YES;
				CLANG_ENABLE_OBJC_WEAK = YES;
				CLANG_WARN_BLOCK_CAPTURE_AUTORELEASING = YES;
				CLANG_WARN_BOOL_CONVERSION = YES;
				CLANG_WARN_COMMA = YES;
				CLANG_WARN_CONSTANT_CONVERSION = YES;
				CLANG_WARN_DEPRECATED_OBJC_IMPLEMENTATIONS = YES;
				CLANG_WARN_DIRECT_OBJC_ISA_USAGE = YES_ERROR;
				CLANG_WARN_DOCUMENTATION_COMMENTS = YES;
				CLANG_WARN_EMPTY_BODY = YES;
				CLANG_WARN_ENUM_CONVERSION = YES;
				CLANG_WARN_INFINITE_RECURSION = YES;
				CLANG_WARN_INT_CONVERSION = YES;
				CLANG_WARN_NON_LITERAL_NULL_CONVERSION = YES;
				CLANG_WARN_OBJC_IMPLICIT_RETAIN_SELF = YES;
				CLANG_WARN_OBJC_LITERAL_CONVERSION = YES;
				CLANG_WARN_OBJC_ROOT_CLASS = YES_ERROR;
				CLANG_WARN_QUOTED_INCLUDE_IN_FRAMEWORK_HEADER = YES;
				CLANG_WARN_RANGE_LOOP_ANALYSIS = YES;
				CLANG_WARN_STRICT_PROTOTYPES = YES;
				CLANG_WARN_SUSPICIOUS_MOVE = YES;
				CLANG_WARN_UNGUARDED_AVAILABILITY = YES_AGGRESSIVE;
				CLANG_WARN_UNREACHABLE_CODE = YES;
				CLANG_WARN__DUPLICATE_METHOD_MATCH = YES;
				COPY_PHASE_STRIP = NO;
				DEBUG_INFORMATION_FORMAT = dwarf;
				ENABLE_STRICT_OBJC_MSGSEND = YES;
				ENABLE_TESTABILITY = YES;
				GCC_C_LANGUAGE_STANDARD = gnu11;
				GCC_DYNAMIC_NO_PIC = NO;
				GCC_NO_COMMON_BLOCKS = YES;
				GCC_OPTIMIZATION_LEVEL = 0;
				GCC_PREPROCESSOR_DEFINITIONS = (
					"DEBUG=1",
					"$(inherited)",
				);
				GCC_WARN_64_TO_32_BIT_CONVERSION = YES;
				GCC_WARN_ABOUT_RETURN_TYPE = YES_ERROR;
				GCC_WARN_UNDECLARED_SELECTOR = YES;
				GCC_WARN_UNINITIALIZED_AUTOS = YES_AGGRESSIVE;
				GCC_WARN_UNUSED_FUNCTION = YES;
				GCC_WARN_UNUSED_VARIABLE = YES;
				IPHONEOS_DEPLOYMENT_TARGET = 16.0;
				MTL_ENABLE_DEBUG_INFO = INCLUDE_SOURCE;
				MTL_FAST_MATH = YES;
				ONLY_ACTIVE_ARCH = YES;
				SDKROOT = iphoneos;
				SWIFT_ACTIVE_COMPILATION_CONDITIONS = DEBUG;
				SWIFT_OPTIMIZATION_LEVEL = "-Onone";
			};
			name = Debug;
		};
		3B36D03B29758152002BFA99 /* Release */ = {
			isa = XCBuildConfiguration;
			buildSettings = {
				ALWAYS_SEARCH_USER_PATHS = NO;
				CLANG_ANALYZER_NONNULL = YES;
				CLANG_ANALYZER_NUMBER_OBJECT_CONVERSION = YES_AGGRESSIVE;
				CLANG_CXX_LANGUAGE_STANDARD = "gnu++20";
				CLANG_ENABLE_MODULES = YES;
				CLANG_ENABLE_OBJC_ARC = YES;
				CLANG_ENABLE_OBJC_WEAK = YES;
				CLANG_WARN_BLOCK_CAPTURE_AUTORELEASING = YES;
				CLANG_WARN_BOOL_CONVERSION = YES;
				CLANG_WARN_COMMA = YES;
				CLANG_WARN_CONSTANT_CONVERSION = YES;
				CLANG_WARN_DEPRECATED_OBJC_IMPLEMENTATIONS = YES;
				CLANG_WARN_DIRECT_OBJC_ISA_USAGE = YES_ERROR;
				CLANG_WARN_DOCUMENTATION_COMMENTS = YES;
				CLANG_WARN_EMPTY_BODY = YES;
				CLANG_WARN_ENUM_CONVERSION = YES;
				CLANG_WARN_INFINITE_RECURSION = YES;
				CLANG_WARN_INT_CONVERSION = YES;
				CLANG_WARN_NON_LITERAL_NULL_CONVERSION = YES;
				CLANG_WARN_OBJC_IMPLICIT_RETAIN_SELF = YES;
				CLANG_WARN_OBJC_LITERAL_CONVERSION = YES;
				CLANG_WARN_OBJC_ROOT_CLASS = YES_ERROR;
				CLANG_WARN_QUOTED_INCLUDE_IN_FRAMEWORK_HEADER = YES;
				CLANG_WARN_RANGE_LOOP_ANALYSIS = YES;
				CLANG_WARN_STRICT_PROTOTYPES = YES;
				CLANG_WARN_SUSPICIOUS_MOVE = YES;
				CLANG_WARN_UNGUARDED_AVAILABILITY = YES_AGGRESSIVE;
				CLANG_WARN_UNREACHABLE_CODE = YES;
				CLANG_WARN__DUPLICATE_METHOD_MATCH = YES;
				COPY_PHASE_STRIP = NO;
				DEBUG_INFORMATION_FORMAT = "dwarf-with-dsym";
				ENABLE_NS_ASSERTIONS = NO;
				ENABLE_STRICT_OBJC_MSGSEND = YES;
				GCC_C_LANGUAGE_STANDARD = gnu11;
				GCC_NO_COMMON_BLOCKS = YES;
				GCC_WARN_64_TO_32_BIT_CONVERSION = YES;
				GCC_WARN_ABOUT_RETURN_TYPE = YES_ERROR;
				GCC_WARN_UNDECLARED_SELECTOR = YES;
				GCC_WARN_UNINITIALIZED_AUTOS = YES_AGGRESSIVE;
				GCC_WARN_UNUSED_FUNCTION = YES;
				GCC_WARN_UNUSED_VARIABLE = YES;
				IPHONEOS_DEPLOYMENT_TARGET = 16.0;
				MTL_ENABLE_DEBUG_INFO = NO;
				MTL_FAST_MATH = YES;
				SDKROOT = iphoneos;
				SWIFT_COMPILATION_MODE = wholemodule;
				SWIFT_OPTIMIZATION_LEVEL = "-O";
				VALIDATE_PRODUCT = YES;
			};
			name = Release;
		};
		3B36D03D29758152002BFA99 /* Debug */ = {
			isa = XCBuildConfiguration;
			buildSettings = {
				ASSETCATALOG_COMPILER_APPICON_NAME = AppIcon;
				ASSETCATALOG_COMPILER_GLOBAL_ACCENT_COLOR_NAME = AccentColor;
				CODE_SIGN_STYLE = Automatic;
				CURRENT_PROJECT_VERSION = 1;
				DEVELOPMENT_TEAM = DW275526Z6;
				GENERATE_INFOPLIST_FILE = YES;
				INFOPLIST_FILE = challengeDay23/Info.plist;
				INFOPLIST_KEY_UIApplicationSupportsIndirectInputEvents = YES;
				INFOPLIST_KEY_UILaunchStoryboardName = LaunchScreen;
				INFOPLIST_KEY_UIMainStoryboardFile = Main;
				INFOPLIST_KEY_UISupportedInterfaceOrientations_iPad = "UIInterfaceOrientationPortrait UIInterfaceOrientationPortraitUpsideDown UIInterfaceOrientationLandscapeLeft UIInterfaceOrientationLandscapeRight";
				INFOPLIST_KEY_UISupportedInterfaceOrientations_iPhone = "UIInterfaceOrientationPortrait UIInterfaceOrientationLandscapeLeft UIInterfaceOrientationLandscapeRight";
				IPHONEOS_DEPLOYMENT_TARGET = 13.0;
				LD_RUNPATH_SEARCH_PATHS = (
					"$(inherited)",
					"@executable_path/Frameworks",
				);
				MARKETING_VERSION = 1.0;
				PRODUCT_BUNDLE_IDENTIFIER = com.imael.challengeDay23;
				PRODUCT_NAME = "$(TARGET_NAME)";
				SWIFT_EMIT_LOC_STRINGS = YES;
				SWIFT_VERSION = 5.0;
				TARGETED_DEVICE_FAMILY = "1,2";
			};
			name = Debug;
		};
		3B36D03E29758152002BFA99 /* Release */ = {
			isa = XCBuildConfiguration;
			buildSettings = {
				ASSETCATALOG_COMPILER_APPICON_NAME = AppIcon;
				ASSETCATALOG_COMPILER_GLOBAL_ACCENT_COLOR_NAME = AccentColor;
				CODE_SIGN_STYLE = Automatic;
				CURRENT_PROJECT_VERSION = 1;
				DEVELOPMENT_TEAM = DW275526Z6;
				GENERATE_INFOPLIST_FILE = YES;
				INFOPLIST_FILE = challengeDay23/Info.plist;
				INFOPLIST_KEY_UIApplicationSupportsIndirectInputEvents = YES;
				INFOPLIST_KEY_UILaunchStoryboardName = LaunchScreen;
				INFOPLIST_KEY_UIMainStoryboardFile = Main;
				INFOPLIST_KEY_UISupportedInterfaceOrientations_iPad = "UIInterfaceOrientationPortrait UIInterfaceOrientationPortraitUpsideDown UIInterfaceOrientationLandscapeLeft UIInterfaceOrientationLandscapeRight";
				INFOPLIST_KEY_UISupportedInterfaceOrientations_iPhone = "UIInterfaceOrientationPortrait UIInterfaceOrientationLandscapeLeft UIInterfaceOrientationLandscapeRight";
				IPHONEOS_DEPLOYMENT_TARGET = 13.0;
				LD_RUNPATH_SEARCH_PATHS = (
					"$(inherited)",
					"@executable_path/Frameworks",
				);
				MARKETING_VERSION = 1.0;
				PRODUCT_BUNDLE_IDENTIFIER = com.imael.challengeDay23;
				PRODUCT_NAME = "$(TARGET_NAME)";
				SWIFT_EMIT_LOC_STRINGS = YES;
				SWIFT_VERSION = 5.0;
				TARGETED_DEVICE_FAMILY = "1,2";
			};
			name = Release;
		};
/* End XCBuildConfiguration section */

/* Begin XCConfigurationList section */
		3B36D02329758150002BFA99 /* Build configuration list for PBXProject "challengeDay23" */ = {
			isa = XCConfigurationList;
			buildConfigurations = (
				3B36D03A29758152002BFA99 /* Debug */,
				3B36D03B29758152002BFA99 /* Release */,
			);
			defaultConfigurationIsVisible = 0;
			defaultConfigurationName = Release;
		};
		3B36D03C29758152002BFA99 /* Build configuration list for PBXNativeTarget "challengeDay23" */ = {
			isa = XCConfigurationList;
			buildConfigurations = (
				3B36D03D29758152002BFA99 /* Debug */,
				3B36D03E29758152002BFA99 /* Release */,
			);
			defaultConfigurationIsVisible = 0;
			defaultConfigurationName = Release;
		};
/* End XCConfigurationList section */
	};
	rootObject = 3B36D02029758150002BFA99 /* Project object */;
}
